// !$*UTF8*$!
{
	archiveVersion = 1;
	classes = {
	};
	objectVersion = 56;
	objects = {

/* Begin PBXBuildFile section */
		2F5CFC8E2C0F140E007A3FDE /* AppDelegate.swift in Sources */ = {isa = PBXBuildFile; fileRef = 2F5CFC8D2C0F140E007A3FDE /* AppDelegate.swift */; };
		2F5CFC902C0F140E007A3FDE /* SceneDelegate.swift in Sources */ = {isa = PBXBuildFile; fileRef = 2F5CFC8F2C0F140E007A3FDE /* SceneDelegate.swift */; };
		2F5CFC922C0F140E007A3FDE /* ViewController.swift in Sources */ = {isa = PBXBuildFile; fileRef = 2F5CFC912C0F140E007A3FDE /* ViewController.swift */; };
		2F5CFC952C0F140E007A3FDE /* Base in Resources */ = {isa = PBXBuildFile; fileRef = 2F5CFC942C0F140E007A3FDE /* Base */; };
		2F5CFC982C0F140E007A3FDE /* InstagramClone.xcdatamodeld in Sources */ = {isa = PBXBuildFile; fileRef = 2F5CFC962C0F140E007A3FDE /* InstagramClone.xcdatamodeld */; };
		2F5CFC9A2C0F1410007A3FDE /* Assets.xcassets in Resources */ = {isa = PBXBuildFile; fileRef = 2F5CFC992C0F1410007A3FDE /* Assets.xcassets */; };
		2F5CFC9D2C0F1410007A3FDE /* Base in Resources */ = {isa = PBXBuildFile; fileRef = 2F5CFC9C2C0F1410007A3FDE /* Base */; };
		2F5CFCAE2C0F159E007A3FDE /* MainTabController.swift in Sources */ = {isa = PBXBuildFile; fileRef = 2F5CFCAD2C0F159E007A3FDE /* MainTabController.swift */; };
		2F5CFCB02C0F1AB3007A3FDE /* FeedController.swift in Sources */ = {isa = PBXBuildFile; fileRef = 2F5CFCAF2C0F1AB3007A3FDE /* FeedController.swift */; };
		2F5CFCB22C0F1ABA007A3FDE /* SearchController.swift in Sources */ = {isa = PBXBuildFile; fileRef = 2F5CFCB12C0F1ABA007A3FDE /* SearchController.swift */; };
		2F5CFCB42C0F1AC3007A3FDE /* ImageSelectorController.swift in Sources */ = {isa = PBXBuildFile; fileRef = 2F5CFCB32C0F1AC3007A3FDE /* ImageSelectorController.swift */; };
		2F5CFCB62C0F1ACE007A3FDE /* NotificationController.swift in Sources */ = {isa = PBXBuildFile; fileRef = 2F5CFCB52C0F1ACE007A3FDE /* NotificationController.swift */; };
		2F5CFCB82C0F1AD6007A3FDE /* ProfileController.swift in Sources */ = {isa = PBXBuildFile; fileRef = 2F5CFCB72C0F1AD6007A3FDE /* ProfileController.swift */; };
		2F5CFCBA2C0F2EE3007A3FDE /* FeedCell.swift in Sources */ = {isa = PBXBuildFile; fileRef = 2F5CFCB92C0F2EE3007A3FDE /* FeedCell.swift */; };
		2F5CFCBE2C0F2FD8007A3FDE /* Extensions.swift in Sources */ = {isa = PBXBuildFile; fileRef = 2F5CFCBD2C0F2FD8007A3FDE /* Extensions.swift */; };
/* End PBXBuildFile section */

/* Begin PBXFileReference section */
		2F5CFC8A2C0F140E007A3FDE /* InstagramClone.app */ = {isa = PBXFileReference; explicitFileType = wrapper.application; includeInIndex = 0; path = InstagramClone.app; sourceTree = BUILT_PRODUCTS_DIR; };
		2F5CFC8D2C0F140E007A3FDE /* AppDelegate.swift */ = {isa = PBXFileReference; lastKnownFileType = sourcecode.swift; path = AppDelegate.swift; sourceTree = "<group>"; };
		2F5CFC8F2C0F140E007A3FDE /* SceneDelegate.swift */ = {isa = PBXFileReference; lastKnownFileType = sourcecode.swift; path = SceneDelegate.swift; sourceTree = "<group>"; };
		2F5CFC912C0F140E007A3FDE /* ViewController.swift */ = {isa = PBXFileReference; lastKnownFileType = sourcecode.swift; path = ViewController.swift; sourceTree = "<group>"; };
		2F5CFC942C0F140E007A3FDE /* Base */ = {isa = PBXFileReference; lastKnownFileType = file.storyboard; name = Base; path = Base.lproj/Main.storyboard; sourceTree = "<group>"; };
		2F5CFC972C0F140E007A3FDE /* InstagramClone.xcdatamodel */ = {isa = PBXFileReference; lastKnownFileType = wrapper.xcdatamodel; path = InstagramClone.xcdatamodel; sourceTree = "<group>"; };
		2F5CFC992C0F1410007A3FDE /* Assets.xcassets */ = {isa = PBXFileReference; lastKnownFileType = folder.assetcatalog; path = Assets.xcassets; sourceTree = "<group>"; };
		2F5CFC9C2C0F1410007A3FDE /* Base */ = {isa = PBXFileReference; lastKnownFileType = file.storyboard; name = Base; path = Base.lproj/LaunchScreen.storyboard; sourceTree = "<group>"; };
		2F5CFC9E2C0F1410007A3FDE /* Info.plist */ = {isa = PBXFileReference; lastKnownFileType = text.plist.xml; path = Info.plist; sourceTree = "<group>"; };
		2F5CFCAD2C0F159E007A3FDE /* MainTabController.swift */ = {isa = PBXFileReference; lastKnownFileType = sourcecode.swift; path = MainTabController.swift; sourceTree = "<group>"; };
		2F5CFCAF2C0F1AB3007A3FDE /* FeedController.swift */ = {isa = PBXFileReference; lastKnownFileType = sourcecode.swift; path = FeedController.swift; sourceTree = "<group>"; };
		2F5CFCB12C0F1ABA007A3FDE /* SearchController.swift */ = {isa = PBXFileReference; lastKnownFileType = sourcecode.swift; path = SearchController.swift; sourceTree = "<group>"; };
		2F5CFCB32C0F1AC3007A3FDE /* ImageSelectorController.swift */ = {isa = PBXFileReference; lastKnownFileType = sourcecode.swift; path = ImageSelectorController.swift; sourceTree = "<group>"; };
		2F5CFCB52C0F1ACE007A3FDE /* NotificationController.swift */ = {isa = PBXFileReference; lastKnownFileType = sourcecode.swift; path = NotificationController.swift; sourceTree = "<group>"; };
		2F5CFCB72C0F1AD6007A3FDE /* ProfileController.swift */ = {isa = PBXFileReference; lastKnownFileType = sourcecode.swift; path = ProfileController.swift; sourceTree = "<group>"; };
		2F5CFCB92C0F2EE3007A3FDE /* FeedCell.swift */ = {isa = PBXFileReference; lastKnownFileType = sourcecode.swift; path = FeedCell.swift; sourceTree = "<group>"; };
		2F5CFCBD2C0F2FD8007A3FDE /* Extensions.swift */ = {isa = PBXFileReference; lastKnownFileType = sourcecode.swift; path = Extensions.swift; sourceTree = "<group>"; };
/* End PBXFileReference section */

/* Begin PBXFrameworksBuildPhase section */
		2F5CFC872C0F140E007A3FDE /* Frameworks */ = {
			isa = PBXFrameworksBuildPhase;
			buildActionMask = 2147483647;
			files = (
			);
			runOnlyForDeploymentPostprocessing = 0;
		};
/* End PBXFrameworksBuildPhase section */

/* Begin PBXGroup section */
		2F5CFC812C0F140E007A3FDE = {
			isa = PBXGroup;
			children = (
				2F5CFC8C2C0F140E007A3FDE /* InstagramClone */,
				2F5CFC8B2C0F140E007A3FDE /* Products */,
			);
			sourceTree = "<group>";
		};
		2F5CFC8B2C0F140E007A3FDE /* Products */ = {
			isa = PBXGroup;
			children = (
				2F5CFC8A2C0F140E007A3FDE /* InstagramClone.app */,
			);
			name = Products;
			sourceTree = "<group>";
		};
		2F5CFC8C2C0F140E007A3FDE /* InstagramClone */ = {
			isa = PBXGroup;
			children = (
				2F5CFC8D2C0F140E007A3FDE /* AppDelegate.swift */,
				2F5CFC8F2C0F140E007A3FDE /* SceneDelegate.swift */,
				2F5CFCA72C0F1463007A3FDE /* Model */,
				2F5CFCA62C0F1462007A3FDE /* View */,
				2F5CFCA42C0F1435007A3FDE /* ViewModel */,
				2F5CFCAA2C0F14CD007A3FDE /* Controller */,
				2F5CFCAB2C0F14DC007A3FDE /* API */,
				2F5CFCAC2C0F14E1007A3FDE /* Utils */,
				2F5CFC912C0F140E007A3FDE /* ViewController.swift */,
				2F5CFC932C0F140E007A3FDE /* Main.storyboard */,
				2F5CFC992C0F1410007A3FDE /* Assets.xcassets */,
				2F5CFC9B2C0F1410007A3FDE /* LaunchScreen.storyboard */,
				2F5CFC9E2C0F1410007A3FDE /* Info.plist */,
				2F5CFC962C0F140E007A3FDE /* InstagramClone.xcdatamodeld */,
			);
			path = InstagramClone;
			sourceTree = "<group>";
		};
		2F5CFCA42C0F1435007A3FDE /* ViewModel */ = {
			isa = PBXGroup;
			children = (
			);
			path = ViewModel;
			sourceTree = "<group>";
		};
		2F5CFCA62C0F1462007A3FDE /* View */ = {
			isa = PBXGroup;
			children = (
				2F5CFCB92C0F2EE3007A3FDE /* FeedCell.swift */,
			);
			path = View;
			sourceTree = "<group>";
		};
		2F5CFCA72C0F1463007A3FDE /* Model */ = {
			isa = PBXGroup;
			children = (
			);
			name = Model;
			path = "New Group1/Model";
			sourceTree = "<group>";
		};
		2F5CFCAA2C0F14CD007A3FDE /* Controller */ = {
			isa = PBXGroup;
			children = (
				2F5CFCAD2C0F159E007A3FDE /* MainTabController.swift */,
				2F5CFCAF2C0F1AB3007A3FDE /* FeedController.swift */,
				2F5CFCB12C0F1ABA007A3FDE /* SearchController.swift */,
				2F5CFCB32C0F1AC3007A3FDE /* ImageSelectorController.swift */,
				2F5CFCB52C0F1ACE007A3FDE /* NotificationController.swift */,
				2F5CFCB72C0F1AD6007A3FDE /* ProfileController.swift */,
			);
			path = Controller;
			sourceTree = "<group>";
		};
		2F5CFCAB2C0F14DC007A3FDE /* API */ = {
			isa = PBXGroup;
			children = (
			);
			path = API;
			sourceTree = "<group>";
		};
		2F5CFCAC2C0F14E1007A3FDE /* Utils */ = {
			isa = PBXGroup;
			children = (
				2F5CFCBD2C0F2FD8007A3FDE /* Extensions.swift */,
			);
			path = Utils;
			sourceTree = "<group>";
		};
/* End PBXGroup section */

/* Begin PBXNativeTarget section */
		2F5CFC892C0F140E007A3FDE /* InstagramClone */ = {
			isa = PBXNativeTarget;
			buildConfigurationList = 2F5CFCA12C0F1410007A3FDE /* Build configuration list for PBXNativeTarget "InstagramClone" */;
			buildPhases = (
				2F5CFC862C0F140E007A3FDE /* Sources */,
				2F5CFC872C0F140E007A3FDE /* Frameworks */,
				2F5CFC882C0F140E007A3FDE /* Resources */,
			);
			buildRules = (
			);
			dependencies = (
			);
			name = InstagramClone;
			productName = InstagramClone;
			productReference = 2F5CFC8A2C0F140E007A3FDE /* InstagramClone.app */;
			productType = "com.apple.product-type.application";
		};
/* End PBXNativeTarget section */

/* Begin PBXProject section */
		2F5CFC822C0F140E007A3FDE /* Project object */ = {
			isa = PBXProject;
			attributes = {
				BuildIndependentTargetsInParallel = 1;
				LastSwiftUpdateCheck = 1540;
				LastUpgradeCheck = 1540;
				TargetAttributes = {
					2F5CFC892C0F140E007A3FDE = {
						CreatedOnToolsVersion = 15.4;
					};
				};
			};
			buildConfigurationList = 2F5CFC852C0F140E007A3FDE /* Build configuration list for PBXProject "InstagramClone" */;
			compatibilityVersion = "Xcode 14.0";
			developmentRegion = en;
			hasScannedForEncodings = 0;
			knownRegions = (
				en,
				Base,
			);
			mainGroup = 2F5CFC812C0F140E007A3FDE;
			productRefGroup = 2F5CFC8B2C0F140E007A3FDE /* Products */;
			projectDirPath = "";
			projectRoot = "";
			targets = (
				2F5CFC892C0F140E007A3FDE /* InstagramClone */,
			);
		};
/* End PBXProject section */

/* Begin PBXResourcesBuildPhase section */
		2F5CFC882C0F140E007A3FDE /* Resources */ = {
			isa = PBXResourcesBuildPhase;
			buildActionMask = 2147483647;
			files = (
				2F5CFC9A2C0F1410007A3FDE /* Assets.xcassets in Resources */,
				2F5CFC9D2C0F1410007A3FDE /* Base in Resources */,
				2F5CFC952C0F140E007A3FDE /* Base in Resources */,
			);
			runOnlyForDeploymentPostprocessing = 0;
		};
/* End PBXResourcesBuildPhase section */

/* Begin PBXSourcesBuildPhase section */
		2F5CFC862C0F140E007A3FDE /* Sources */ = {
			isa = PBXSourcesBuildPhase;
			buildActionMask = 2147483647;
			files = (
				2F5CFCB42C0F1AC3007A3FDE /* ImageSelectorController.swift in Sources */,
				2F5CFC922C0F140E007A3FDE /* ViewController.swift in Sources */,
				2F5CFCB02C0F1AB3007A3FDE /* FeedController.swift in Sources */,
				2F5CFC8E2C0F140E007A3FDE /* AppDelegate.swift in Sources */,
				2F5CFCBA2C0F2EE3007A3FDE /* FeedCell.swift in Sources */,
				2F5CFCB22C0F1ABA007A3FDE /* SearchController.swift in Sources */,
				2F5CFCB82C0F1AD6007A3FDE /* ProfileController.swift in Sources */,
				2F5CFCBE2C0F2FD8007A3FDE /* Extensions.swift in Sources */,
				2F5CFCAE2C0F159E007A3FDE /* MainTabController.swift in Sources */,
				2F5CFCB62C0F1ACE007A3FDE /* NotificationController.swift in Sources */,
				2F5CFC982C0F140E007A3FDE /* InstagramClone.xcdatamodeld in Sources */,
				2F5CFC902C0F140E007A3FDE /* SceneDelegate.swift in Sources */,
			);
			runOnlyForDeploymentPostprocessing = 0;
		};
/* End PBXSourcesBuildPhase section */

/* Begin PBXVariantGroup section */
		2F5CFC932C0F140E007A3FDE /* Main.storyboard */ = {
			isa = PBXVariantGroup;
			children = (
				2F5CFC942C0F140E007A3FDE /* Base */,
			);
			name = Main.storyboard;
			sourceTree = "<group>";
		};
		2F5CFC9B2C0F1410007A3FDE /* LaunchScreen.storyboard */ = {
			isa = PBXVariantGroup;
			children = (
				2F5CFC9C2C0F1410007A3FDE /* Base */,
			);
			name = LaunchScreen.storyboard;
			sourceTree = "<group>";
		};
/* End PBXVariantGroup section */

/* Begin XCBuildConfiguration section */
		2F5CFC9F2C0F1410007A3FDE /* Debug */ = {
			isa = XCBuildConfiguration;
			buildSettings = {
				ALWAYS_SEARCH_USER_PATHS = NO;
				ASSETCATALOG_COMPILER_GENERATE_SWIFT_ASSET_SYMBOL_EXTENSIONS = YES;
				CLANG_ANALYZER_NONNULL = YES;
				CLANG_ANALYZER_NUMBER_OBJECT_CONVERSION = YES_AGGRESSIVE;
				CLANG_CXX_LANGUAGE_STANDARD = "gnu++20";
				CLANG_ENABLE_MODULES = YES;
				CLANG_ENABLE_OBJC_ARC = YES;
				CLANG_ENABLE_OBJC_WEAK = YES;
				CLANG_WARN_BLOCK_CAPTURE_AUTORELEASING = YES;
				CLANG_WARN_BOOL_CONVERSION = YES;
				CLANG_WARN_COMMA = YES;
				CLANG_WARN_CONSTANT_CONVERSION = YES;
				CLANG_WARN_DEPRECATED_OBJC_IMPLEMENTATIONS = YES;
				CLANG_WARN_DIRECT_OBJC_ISA_USAGE = YES_ERROR;
				CLANG_WARN_DOCUMENTATION_COMMENTS = YES;
				CLANG_WARN_EMPTY_BODY = YES;
				CLANG_WARN_ENUM_CONVERSION = YES;
				CLANG_WARN_INFINITE_RECURSION = YES;
				CLANG_WARN_INT_CONVERSION = YES;
				CLANG_WARN_NON_LITERAL_NULL_CONVERSION = YES;
				CLANG_WARN_OBJC_IMPLICIT_RETAIN_SELF = YES;
				CLANG_WARN_OBJC_LITERAL_CONVERSION = YES;
				CLANG_WARN_OBJC_ROOT_CLASS = YES_ERROR;
				CLANG_WARN_QUOTED_INCLUDE_IN_FRAMEWORK_HEADER = YES;
				CLANG_WARN_RANGE_LOOP_ANALYSIS = YES;
				CLANG_WARN_STRICT_PROTOTYPES = YES;
				CLANG_WARN_SUSPICIOUS_MOVE = YES;
				CLANG_WARN_UNGUARDED_AVAILABILITY = YES_AGGRESSIVE;
				CLANG_WARN_UNREACHABLE_CODE = YES;
				CLANG_WARN__DUPLICATE_METHOD_MATCH = YES;
				COPY_PHASE_STRIP = NO;
				DEBUG_INFORMATION_FORMAT = dwarf;
				ENABLE_STRICT_OBJC_MSGSEND = YES;
				ENABLE_TESTABILITY = YES;
				ENABLE_USER_SCRIPT_SANDBOXING = YES;
				GCC_C_LANGUAGE_STANDARD = gnu17;
				GCC_DYNAMIC_NO_PIC = NO;
				GCC_NO_COMMON_BLOCKS = YES;
				GCC_OPTIMIZATION_LEVEL = 0;
				GCC_PREPROCESSOR_DEFINITIONS = (
					"DEBUG=1",
					"$(inherited)",
				);
				GCC_WARN_64_TO_32_BIT_CONVERSION = YES;
				GCC_WARN_ABOUT_RETURN_TYPE = YES_ERROR;
				GCC_WARN_UNDECLARED_SELECTOR = YES;
				GCC_WARN_UNINITIALIZED_AUTOS = YES_AGGRESSIVE;
				GCC_WARN_UNUSED_FUNCTION = YES;
				GCC_WARN_UNUSED_VARIABLE = YES;
				IPHONEOS_DEPLOYMENT_TARGET = 17.5;
				LOCALIZATION_PREFERS_STRING_CATALOGS = YES;
				MTL_ENABLE_DEBUG_INFO = INCLUDE_SOURCE;
				MTL_FAST_MATH = YES;
				ONLY_ACTIVE_ARCH = YES;
				SDKROOT = iphoneos;
				SWIFT_ACTIVE_COMPILATION_CONDITIONS = "DEBUG $(inherited)";
				SWIFT_OPTIMIZATION_LEVEL = "-Onone";
			};
			name = Debug;
		};
		2F5CFCA02C0F1410007A3FDE /* Release */ = {
			isa = XCBuildConfiguration;
			buildSettings = {
				ALWAYS_SEARCH_USER_PATHS = NO;
				ASSETCATALOG_COMPILER_GENERATE_SWIFT_ASSET_SYMBOL_EXTENSIONS = YES;
				CLANG_ANALYZER_NONNULL = YES;
				CLANG_ANALYZER_NUMBER_OBJECT_CONVERSION = YES_AGGRESSIVE;
				CLANG_CXX_LANGUAGE_STANDARD = "gnu++20";
				CLANG_ENABLE_MODULES = YES;
				CLANG_ENABLE_OBJC_ARC = YES;
				CLANG_ENABLE_OBJC_WEAK = YES;
				CLANG_WARN_BLOCK_CAPTURE_AUTORELEASING = YES;
				CLANG_WARN_BOOL_CONVERSION = YES;
				CLANG_WARN_COMMA = YES;
				CLANG_WARN_CONSTANT_CONVERSION = YES;
				CLANG_WARN_DEPRECATED_OBJC_IMPLEMENTATIONS = YES;
				CLANG_WARN_DIRECT_OBJC_ISA_USAGE = YES_ERROR;
				CLANG_WARN_DOCUMENTATION_COMMENTS = YES;
				CLANG_WARN_EMPTY_BODY = YES;
				CLANG_WARN_ENUM_CONVERSION = YES;
				CLANG_WARN_INFINITE_RECURSION = YES;
				CLANG_WARN_INT_CONVERSION = YES;
				CLANG_WARN_NON_LITERAL_NULL_CONVERSION = YES;
				CLANG_WARN_OBJC_IMPLICIT_RETAIN_SELF = YES;
				CLANG_WARN_OBJC_LITERAL_CONVERSION = YES;
				CLANG_WARN_OBJC_ROOT_CLASS = YES_ERROR;
				CLANG_WARN_QUOTED_INCLUDE_IN_FRAMEWORK_HEADER = YES;
				CLANG_WARN_RANGE_LOOP_ANALYSIS = YES;
				CLANG_WARN_STRICT_PROTOTYPES = YES;
				CLANG_WARN_SUSPICIOUS_MOVE = YES;
				CLANG_WARN_UNGUARDED_AVAILABILITY = YES_AGGRESSIVE;
				CLANG_WARN_UNREACHABLE_CODE = YES;
				CLANG_WARN__DUPLICATE_METHOD_MATCH = YES;
				COPY_PHASE_STRIP = NO;
				DEBUG_INFORMATION_FORMAT = "dwarf-with-dsym";
				ENABLE_NS_ASSERTIONS = NO;
				ENABLE_STRICT_OBJC_MSGSEND = YES;
				ENABLE_USER_SCRIPT_SANDBOXING = YES;
				GCC_C_LANGUAGE_STANDARD = gnu17;
				GCC_NO_COMMON_BLOCKS = YES;
				GCC_WARN_64_TO_32_BIT_CONVERSION = YES;
				GCC_WARN_ABOUT_RETURN_TYPE = YES_ERROR;
				GCC_WARN_UNDECLARED_SELECTOR = YES;
				GCC_WARN_UNINITIALIZED_AUTOS = YES_AGGRESSIVE;
				GCC_WARN_UNUSED_FUNCTION = YES;
				GCC_WARN_UNUSED_VARIABLE = YES;
				IPHONEOS_DEPLOYMENT_TARGET = 17.5;
				LOCALIZATION_PREFERS_STRING_CATALOGS = YES;
				MTL_ENABLE_DEBUG_INFO = NO;
				MTL_FAST_MATH = YES;
				SDKROOT = iphoneos;
				SWIFT_COMPILATION_MODE = wholemodule;
				VALIDATE_PRODUCT = YES;
			};
			name = Release;
		};
		2F5CFCA22C0F1410007A3FDE /* Debug */ = {
			isa = XCBuildConfiguration;
			buildSettings = {
				ASSETCATALOG_COMPILER_APPICON_NAME = AppIcon;
				ASSETCATALOG_COMPILER_GLOBAL_ACCENT_COLOR_NAME = AccentColor;
				CODE_SIGN_STYLE = Automatic;
				CURRENT_PROJECT_VERSION = 1;
				DEVELOPMENT_TEAM = UC3G5263QN;
				GENERATE_INFOPLIST_FILE = YES;
				INFOPLIST_FILE = InstagramClone/Info.plist;
				INFOPLIST_KEY_UIApplicationSupportsIndirectInputEvents = YES;
				INFOPLIST_KEY_UILaunchStoryboardName = LaunchScreen;
				INFOPLIST_KEY_UIMainStoryboardFile = Main;
				INFOPLIST_KEY_UISupportedInterfaceOrientations_iPad = "UIInterfaceOrientationPortrait UIInterfaceOrientationPortraitUpsideDown UIInterfaceOrientationLandscapeLeft UIInterfaceOrientationLandscapeRight";
				INFOPLIST_KEY_UISupportedInterfaceOrientations_iPhone = "UIInterfaceOrientationPortrait UIInterfaceOrientationLandscapeLeft UIInterfaceOrientationLandscapeRight";
				LD_RUNPATH_SEARCH_PATHS = (
					"$(inherited)",
					"@executable_path/Frameworks",
				);
				MARKETING_VERSION = 1.0;
				PRODUCT_BUNDLE_IDENTIFIER = com.yunseop.InstagramClone;
				PRODUCT_NAME = "$(TARGET_NAME)";
				SWIFT_EMIT_LOC_STRINGS = YES;
				SWIFT_VERSION = 5.0;
				TARGETED_DEVICE_FAMILY = "1,2";
			};
			name = Debug;
		};
		2F5CFCA32C0F1410007A3FDE /* Release */ = {
			isa = XCBuildConfiguration;
			buildSettings = {
				ASSETCATALOG_COMPILER_APPICON_NAME = AppIcon;
				ASSETCATALOG_COMPILER_GLOBAL_ACCENT_COLOR_NAME = AccentColor;
				CODE_SIGN_STYLE = Automatic;
				CURRENT_PROJECT_VERSION = 1;
				DEVELOPMENT_TEAM = UC3G5263QN;
				GENERATE_INFOPLIST_FILE = YES;
				INFOPLIST_FILE = InstagramClone/Info.plist;
				INFOPLIST_KEY_UIApplicationSupportsIndirectInputEvents = YES;
				INFOPLIST_KEY_UILaunchStoryboardName = LaunchScreen;
				INFOPLIST_KEY_UIMainStoryboardFile = Main;
				INFOPLIST_KEY_UISupportedInterfaceOrientations_iPad = "UIInterfaceOrientationPortrait UIInterfaceOrientationPortraitUpsideDown UIInterfaceOrientationLandscapeLeft UIInterfaceOrientationLandscapeRight";
				INFOPLIST_KEY_UISupportedInterfaceOrientations_iPhone = "UIInterfaceOrientationPortrait UIInterfaceOrientationLandscapeLeft UIInterfaceOrientationLandscapeRight";
				LD_RUNPATH_SEARCH_PATHS = (
					"$(inherited)",
					"@executable_path/Frameworks",
				);
				MARKETING_VERSION = 1.0;
				PRODUCT_BUNDLE_IDENTIFIER = com.yunseop.InstagramClone;
				PRODUCT_NAME = "$(TARGET_NAME)";
				SWIFT_EMIT_LOC_STRINGS = YES;
				SWIFT_VERSION = 5.0;
				TARGETED_DEVICE_FAMILY = "1,2";
			};
			name = Release;
		};
/* End XCBuildConfiguration section */

/* Begin XCConfigurationList section */
		2F5CFC852C0F140E007A3FDE /* Build configuration list for PBXProject "InstagramClone" */ = {
			isa = XCConfigurationList;
			buildConfigurations = (
				2F5CFC9F2C0F1410007A3FDE /* Debug */,
				2F5CFCA02C0F1410007A3FDE /* Release */,
			);
			defaultConfigurationIsVisible = 0;
			defaultConfigurationName = Release;
		};
		2F5CFCA12C0F1410007A3FDE /* Build configuration list for PBXNativeTarget "InstagramClone" */ = {
			isa = XCConfigurationList;
			buildConfigurations = (
				2F5CFCA22C0F1410007A3FDE /* Debug */,
				2F5CFCA32C0F1410007A3FDE /* Release */,
			);
			defaultConfigurationIsVisible = 0;
			defaultConfigurationName = Release;
		};
/* End XCConfigurationList section */

/* Begin XCVersionGroup section */
		2F5CFC962C0F140E007A3FDE /* InstagramClone.xcdatamodeld */ = {
			isa = XCVersionGroup;
			children = (
				2F5CFC972C0F140E007A3FDE /* InstagramClone.xcdatamodel */,
			);
			currentVersion = 2F5CFC972C0F140E007A3FDE /* InstagramClone.xcdatamodel */;
			path = InstagramClone.xcdatamodeld;
			sourceTree = "<group>";
			versionGroupType = wrapper.xcdatamodel;
		};
/* End XCVersionGroup section */
	};
	rootObject = 2F5CFC822C0F140E007A3FDE /* Project object */;
}
